
Microsoft Visual Studio Solution File, Format Version 12.00
# Visual Studio Version 16
VisualStudioVersion = 16.0.31410.357
MinimumVisualStudioVersion = 10.0.40219.1
Project("{9A19103F-16F7-4668-BE54-9A1E7A4F7556}") = "Bali.Converter.App", "sources\Bali.Converter.App\Bali.Converter.App.csproj", "{39FA94FF-3E7C-4299-810C-D35BB25A97F3}"
EndProject
Project("{9A19103F-16F7-4668-BE54-9A1E7A4F7556}") = "Bali.Converter.YoutubeDl", "sources\Bali.Converter.YoutubeDl\Bali.Converter.YoutubeDl.csproj", "{6E203D7E-1F51-4D82-BCC4-7F8F2A6E32BC}"
EndProject
Project("{9A19103F-16F7-4668-BE54-9A1E7A4F7556}") = "Bali.Converter.Common", "sources\Bali.Converter.Common\Bali.Converter.Common.csproj", "{0A67F5C0-D237-49B4-A887-0DBA331D761B}"
EndProject
Project("{9A19103F-16F7-4668-BE54-9A1E7A4F7556}") = "Bali.Converter.FFmpeg", "sources\Bali.Converter.FFmpeg\Bali.Converter.FFmpeg.csproj", "{CC744BDC-E8D1-4ED8-BF08-F220F8A6C7B3}"
EndProject
Global
	GlobalSection(SolutionConfigurationPlatforms) = preSolution
		Debug|Any CPU = Debug|Any CPU
		Release|Any CPU = Release|Any CPU
	EndGlobalSection
	GlobalSection(ProjectConfigurationPlatforms) = postSolution
		{39FA94FF-3E7C-4299-810C-D35BB25A97F3}.Debug|Any CPU.ActiveCfg = Debug|Any CPU
		{39FA94FF-3E7C-4299-810C-D35BB25A97F3}.Debug|Any CPU.Build.0 = Debug|Any CPU
		{39FA94FF-3E7C-4299-810C-D35BB25A97F3}.Release|Any CPU.ActiveCfg = Release|Any CPU
		{39FA94FF-3E7C-4299-810C-D35BB25A97F3}.Release|Any CPU.Build.0 = Release|Any CPU
		{6E203D7E-1F51-4D82-BCC4-7F8F2A6E32BC}.Debug|Any CPU.ActiveCfg = Debug|Any CPU
		{6E203D7E-1F51-4D82-BCC4-7F8F2A6E32BC}.Debug|Any CPU.Build.0 = Debug|Any CPU
		{6E203D7E-1F51-4D82-BCC4-7F8F2A6E32BC}.Release|Any CPU.ActiveCfg = Release|Any CPU
		{6E203D7E-1F51-4D82-BCC4-7F8F2A6E32BC}.Release|Any CPU.Build.0 = Release|Any CPU
		{0A67F5C0-D237-49B4-A887-0DBA331D761B}.Debug|Any CPU.ActiveCfg = Debug|Any CPU
		{0A67F5C0-D237-49B4-A887-0DBA331D761B}.Debug|Any CPU.Build.0 = Debug|Any CPU
		{0A67F5C0-D237-49B4-A887-0DBA331D761B}.Release|Any CPU.ActiveCfg = Release|Any CPU
		{0A67F5C0-D237-49B4-A887-0DBA331D761B}.Release|Any CPU.Build.0 = Release|Any CPU
		{CC744BDC-E8D1-4ED8-BF08-F220F8A6C7B3}.Debug|Any CPU.ActiveCfg = Debug|Any CPU
		{CC744BDC-E8D1-4ED8-BF08-F220F8A6C7B3}.Debug|Any CPU.Build.0 = Debug|Any CPU
		{CC744BDC-E8D1-4ED8-BF08-F220F8A6C7B3}.Release|Any CPU.ActiveCfg = Release|Any CPU
		{CC744BDC-E8D1-4ED8-BF08-F220F8A6C7B3}.Release|Any CPU.Build.0 = Release|Any CPU
	EndGlobalSection
	GlobalSection(SolutionProperties) = preSolution
		HideSolutionNode = FALSE
	EndGlobalSection
	GlobalSection(ExtensibilityGlobals) = postSolution
		SolutionGuid = {7B2F54D3-4AFF-4371-8B81-50C091AFAB72}
	EndGlobalSection
EndGlobal
